Microsoft Visual Studio Solution File, Format Version 11.00
# Visual Studio 2008

Project("{89D7F899-B38A-4171-DB78-59BEC482F56E}") = "SimpleJumper 5.5", "Assembly-CSharp-firstpass.csproj", "{74061831-2DD0-4264-A573-BA5754BDC64E}"
EndProject
Project("{89D7F899-B38A-4171-DB78-59BEC482F56E}") = "SimpleJumper 5.5", "Assembly-CSharp.csproj", "{56195C59-E6C0-2818-F896-6F8F20E5297C}"
EndProject
Global
	GlobalSection(SolutionConfigurationPlatforms) = preSolution
		Debug|Any CPU = Debug|Any CPU
		Release|Any CPU = Release|Any CPU
	EndGlobalSection
	GlobalSection(ProjectConfigurationPlatforms) = postSolution
		{74061831-2DD0-4264-A573-BA5754BDC64E}.Debug|Any CPU.ActiveCfg = Debug|Any CPU
		{74061831-2DD0-4264-A573-BA5754BDC64E}.Debug|Any CPU.Build.0 = Debug|Any CPU
		{74061831-2DD0-4264-A573-BA5754BDC64E}.Release|Any CPU.ActiveCfg = Release|Any CPU
		{74061831-2DD0-4264-A573-BA5754BDC64E}.Release|Any CPU.Build.0 = Release|Any CPU
		{56195C59-E6C0-2818-F896-6F8F20E5297C}.Debug|Any CPU.ActiveCfg = Debug|Any CPU
		{56195C59-E6C0-2818-F896-6F8F20E5297C}.Debug|Any CPU.Build.0 = Debug|Any CPU
		{56195C59-E6C0-2818-F896-6F8F20E5297C}.Release|Any CPU.ActiveCfg = Release|Any CPU
		{56195C59-E6C0-2818-F896-6F8F20E5297C}.Release|Any CPU.Build.0 = Release|Any CPU
	EndGlobalSection
	GlobalSection(SolutionProperties) = preSolution
		HideSolutionNode = FALSE
	EndGlobalSection
	GlobalSection(MonoDevelopProperties) = preSolution
		StartupItem = Assembly-CSharp.csproj
	EndGlobalSection
EndGlobal
